// !$*UTF8*$!
{
	archiveVersion = 1;
	classes = {
	};
	objectVersion = 56;
	objects = {

/* Begin PBXBuildFile section */
		D932DD5228FEDCF000ABB8C2 /* FavsCell.swift in Sources */ = {isa = PBXBuildFile; fileRef = D932DD5128FEDCF000ABB8C2 /* FavsCell.swift */; };
		D9B180B528F5A1EB0080A006 /* AppDelegate.swift in Sources */ = {isa = PBXBuildFile; fileRef = D9B180B428F5A1EB0080A006 /* AppDelegate.swift */; };
		D9B180B728F5A1EB0080A006 /* SceneDelegate.swift in Sources */ = {isa = PBXBuildFile; fileRef = D9B180B628F5A1EB0080A006 /* SceneDelegate.swift */; };
		D9B180B928F5A1EB0080A006 /* SpellSearchController.swift in Sources */ = {isa = PBXBuildFile; fileRef = D9B180B828F5A1EB0080A006 /* SpellSearchController.swift */; };
		D9B180BF28F5A1EB0080A006 /* Spellia.xcdatamodeld in Sources */ = {isa = PBXBuildFile; fileRef = D9B180BD28F5A1EB0080A006 /* Spellia.xcdatamodeld */; };
		D9B180C128F5A1EC0080A006 /* Assets.xcassets in Resources */ = {isa = PBXBuildFile; fileRef = D9B180C028F5A1EC0080A006 /* Assets.xcassets */; };
		D9B180C428F5A1EC0080A006 /* LaunchScreen.storyboard in Resources */ = {isa = PBXBuildFile; fileRef = D9B180C228F5A1EC0080A006 /* LaunchScreen.storyboard */; };
		D9B180CF28F5A1EC0080A006 /* SpelliaTests.swift in Sources */ = {isa = PBXBuildFile; fileRef = D9B180CE28F5A1EC0080A006 /* SpelliaTests.swift */; };
		D9B180EC28F5A4810080A006 /* SpellSearch.swift in Sources */ = {isa = PBXBuildFile; fileRef = D9B180EB28F5A4810080A006 /* SpellSearch.swift */; };
		D9B180F328F5ADDB0080A006 /* API.swift in Sources */ = {isa = PBXBuildFile; fileRef = D9B180F228F5ADDB0080A006 /* API.swift */; };
		D9B180F528F5AF080080A006 /* Spell.swift in Sources */ = {isa = PBXBuildFile; fileRef = D9B180F428F5AF080080A006 /* Spell.swift */; };
		D9B180F728F844650080A006 /* SpellInfosController.swift in Sources */ = {isa = PBXBuildFile; fileRef = D9B180F628F844650080A006 /* SpellInfosController.swift */; };
		D9B180FA28F8592E0080A006 /* IMFellDoublePicaSC-Regular.ttf in Resources */ = {isa = PBXBuildFile; fileRef = D9B180F928F8592E0080A006 /* IMFellDoublePicaSC-Regular.ttf */; };
		D9B180FC28F89C1A0080A006 /* SpellInfos.swift in Sources */ = {isa = PBXBuildFile; fileRef = D9B180FB28F89C1A0080A006 /* SpellInfos.swift */; };
		D9B180FE28F8A1400080A006 /* FavoritesSpells.swift in Sources */ = {isa = PBXBuildFile; fileRef = D9B180FD28F8A1400080A006 /* FavoritesSpells.swift */; };
		D9B1810028F8A1620080A006 /* FavoritesSpellsController.swift in Sources */ = {isa = PBXBuildFile; fileRef = D9B180FF28F8A1620080A006 /* FavoritesSpellsController.swift */; };
		D9B1810B28FAFA930080A006 /* SpelliaUITests.swift in Sources */ = {isa = PBXBuildFile; fileRef = D9B180D828F5A1EC0080A006 /* SpelliaUITests.swift */; };
		D9B1810C28FAFA970080A006 /* SpelliaUITestsLaunchTests.swift in Sources */ = {isa = PBXBuildFile; fileRef = D9B180DA28F5A1EC0080A006 /* SpelliaUITestsLaunchTests.swift */; };
/* End PBXBuildFile section */

/* Begin PBXContainerItemProxy section */
		D9B180CB28F5A1EC0080A006 /* PBXContainerItemProxy */ = {
			isa = PBXContainerItemProxy;
			containerPortal = D9B180A928F5A1EB0080A006 /* Project object */;
			proxyType = 1;
			remoteGlobalIDString = D9B180B028F5A1EB0080A006;
			remoteInfo = Spellia;
		};
		D9B180D528F5A1EC0080A006 /* PBXContainerItemProxy */ = {
			isa = PBXContainerItemProxy;
			containerPortal = D9B180A928F5A1EB0080A006 /* Project object */;
			proxyType = 1;
			remoteGlobalIDString = D9B180B028F5A1EB0080A006;
			remoteInfo = Spellia;
		};
/* End PBXContainerItemProxy section */

/* Begin PBXFileReference section */
		D932DD5128FEDCF000ABB8C2 /* FavsCell.swift */ = {isa = PBXFileReference; lastKnownFileType = sourcecode.swift; path = FavsCell.swift; sourceTree = "<group>"; };
		D9B180B128F5A1EB0080A006 /* Spellia.app */ = {isa = PBXFileReference; explicitFileType = wrapper.application; includeInIndex = 0; path = Spellia.app; sourceTree = BUILT_PRODUCTS_DIR; };
		D9B180B428F5A1EB0080A006 /* AppDelegate.swift */ = {isa = PBXFileReference; lastKnownFileType = sourcecode.swift; path = AppDelegate.swift; sourceTree = "<group>"; };
		D9B180B628F5A1EB0080A006 /* SceneDelegate.swift */ = {isa = PBXFileReference; lastKnownFileType = sourcecode.swift; path = SceneDelegate.swift; sourceTree = "<group>"; };
		D9B180B828F5A1EB0080A006 /* SpellSearchController.swift */ = {isa = PBXFileReference; lastKnownFileType = sourcecode.swift; path = SpellSearchController.swift; sourceTree = "<group>"; };
		D9B180BE28F5A1EB0080A006 /* Spellia.xcdatamodel */ = {isa = PBXFileReference; lastKnownFileType = wrapper.xcdatamodel; path = Spellia.xcdatamodel; sourceTree = "<group>"; };
		D9B180C028F5A1EC0080A006 /* Assets.xcassets */ = {isa = PBXFileReference; lastKnownFileType = folder.assetcatalog; path = Assets.xcassets; sourceTree = "<group>"; };
		D9B180C328F5A1EC0080A006 /* Base */ = {isa = PBXFileReference; lastKnownFileType = file.storyboard; name = Base; path = Base.lproj/LaunchScreen.storyboard; sourceTree = "<group>"; };
		D9B180C528F5A1EC0080A006 /* Info.plist */ = {isa = PBXFileReference; lastKnownFileType = text.plist.xml; path = Info.plist; sourceTree = "<group>"; };
		D9B180CA28F5A1EC0080A006 /* SpelliaTests.xctest */ = {isa = PBXFileReference; explicitFileType = wrapper.cfbundle; includeInIndex = 0; path = SpelliaTests.xctest; sourceTree = BUILT_PRODUCTS_DIR; };
		D9B180CE28F5A1EC0080A006 /* SpelliaTests.swift */ = {isa = PBXFileReference; lastKnownFileType = sourcecode.swift; path = SpelliaTests.swift; sourceTree = "<group>"; };
		D9B180D428F5A1EC0080A006 /* SpelliaUITests.xctest */ = {isa = PBXFileReference; explicitFileType = wrapper.cfbundle; includeInIndex = 0; path = SpelliaUITests.xctest; sourceTree = BUILT_PRODUCTS_DIR; };
		D9B180D828F5A1EC0080A006 /* SpelliaUITests.swift */ = {isa = PBXFileReference; lastKnownFileType = sourcecode.swift; path = SpelliaUITests.swift; sourceTree = "<group>"; };
		D9B180DA28F5A1EC0080A006 /* SpelliaUITestsLaunchTests.swift */ = {isa = PBXFileReference; lastKnownFileType = sourcecode.swift; path = SpelliaUITestsLaunchTests.swift; sourceTree = "<group>"; };
		D9B180EB28F5A4810080A006 /* SpellSearch.swift */ = {isa = PBXFileReference; lastKnownFileType = sourcecode.swift; path = SpellSearch.swift; sourceTree = "<group>"; };
		D9B180F228F5ADDB0080A006 /* API.swift */ = {isa = PBXFileReference; lastKnownFileType = sourcecode.swift; path = API.swift; sourceTree = "<group>"; };
		D9B180F428F5AF080080A006 /* Spell.swift */ = {isa = PBXFileReference; lastKnownFileType = sourcecode.swift; path = Spell.swift; sourceTree = "<group>"; };
		D9B180F628F844650080A006 /* SpellInfosController.swift */ = {isa = PBXFileReference; lastKnownFileType = sourcecode.swift; path = SpellInfosController.swift; sourceTree = "<group>"; };
		D9B180F928F8592E0080A006 /* IMFellDoublePicaSC-Regular.ttf */ = {isa = PBXFileReference; lastKnownFileType = file; path = "IMFellDoublePicaSC-Regular.ttf"; sourceTree = "<group>"; };
		D9B180FB28F89C1A0080A006 /* SpellInfos.swift */ = {isa = PBXFileReference; lastKnownFileType = sourcecode.swift; path = SpellInfos.swift; sourceTree = "<group>"; };
		D9B180FD28F8A1400080A006 /* FavoritesSpells.swift */ = {isa = PBXFileReference; lastKnownFileType = sourcecode.swift; path = FavoritesSpells.swift; sourceTree = "<group>"; };
		D9B180FF28F8A1620080A006 /* FavoritesSpellsController.swift */ = {isa = PBXFileReference; lastKnownFileType = sourcecode.swift; path = FavoritesSpellsController.swift; sourceTree = "<group>"; };
/* End PBXFileReference section */

/* Begin PBXFrameworksBuildPhase section */
		D9B180AE28F5A1EB0080A006 /* Frameworks */ = {
			isa = PBXFrameworksBuildPhase;
			buildActionMask = 2147483647;
			files = (
			);
			runOnlyForDeploymentPostprocessing = 0;
		};
		D9B180C728F5A1EC0080A006 /* Frameworks */ = {
			isa = PBXFrameworksBuildPhase;
			buildActionMask = 2147483647;
			files = (
			);
			runOnlyForDeploymentPostprocessing = 0;
		};
		D9B180D128F5A1EC0080A006 /* Frameworks */ = {
			isa = PBXFrameworksBuildPhase;
			buildActionMask = 2147483647;
			files = (
			);
			runOnlyForDeploymentPostprocessing = 0;
		};
/* End PBXFrameworksBuildPhase section */

/* Begin PBXGroup section */
		D9B180A828F5A1EB0080A006 = {
			isa = PBXGroup;
			children = (
				D9B180E728F5A2730080A006 /* Model */,
				D9B180E828F5A2800080A006 /* View */,
				D9B180E928F5A2860080A006 /* Controller */,
				D9B180B328F5A1EB0080A006 /* Spellia */,
				D9B180EA28F5A29C0080A006 /* Services */,
				D9B180CD28F5A1EC0080A006 /* SpelliaTests */,
				D9B180B228F5A1EB0080A006 /* Products */,
			);
			sourceTree = "<group>";
		};
		D9B180B228F5A1EB0080A006 /* Products */ = {
			isa = PBXGroup;
			children = (
				D9B180B128F5A1EB0080A006 /* Spellia.app */,
				D9B180CA28F5A1EC0080A006 /* SpelliaTests.xctest */,
				D9B180D428F5A1EC0080A006 /* SpelliaUITests.xctest */,
			);
			name = Products;
			sourceTree = "<group>";
		};
		D9B180B328F5A1EB0080A006 /* Spellia */ = {
			isa = PBXGroup;
			children = (
				D9B180B428F5A1EB0080A006 /* AppDelegate.swift */,
				D9B180B628F5A1EB0080A006 /* SceneDelegate.swift */,
				D9B180C028F5A1EC0080A006 /* Assets.xcassets */,
				D9B180C228F5A1EC0080A006 /* LaunchScreen.storyboard */,
				D9B180C528F5A1EC0080A006 /* Info.plist */,
				D9B180BD28F5A1EB0080A006 /* Spellia.xcdatamodeld */,
			);
			path = Spellia;
			sourceTree = "<group>";
		};
		D9B180CD28F5A1EC0080A006 /* SpelliaTests */ = {
			isa = PBXGroup;
			children = (
				D9B180CE28F5A1EC0080A006 /* SpelliaTests.swift */,
				D9B180D828F5A1EC0080A006 /* SpelliaUITests.swift */,
				D9B180DA28F5A1EC0080A006 /* SpelliaUITestsLaunchTests.swift */,
			);
			path = SpelliaTests;
			sourceTree = "<group>";
		};
		D9B180E728F5A2730080A006 /* Model */ = {
			isa = PBXGroup;
			children = (
				D9B180F428F5AF080080A006 /* Spell.swift */,
			);
			path = Model;
			sourceTree = "<group>";
		};
		D9B180E828F5A2800080A006 /* View */ = {
			isa = PBXGroup;
			children = (
				D9B180EB28F5A4810080A006 /* SpellSearch.swift */,
				D9B180FB28F89C1A0080A006 /* SpellInfos.swift */,
				D9B180FD28F8A1400080A006 /* FavoritesSpells.swift */,
				D932DD5128FEDCF000ABB8C2 /* FavsCell.swift */,
			);
			path = View;
			sourceTree = "<group>";
		};
		D9B180E928F5A2860080A006 /* Controller */ = {
			isa = PBXGroup;
			children = (
				D9B180B828F5A1EB0080A006 /* SpellSearchController.swift */,
				D9B180F628F844650080A006 /* SpellInfosController.swift */,
				D9B180FF28F8A1620080A006 /* FavoritesSpellsController.swift */,
			);
			path = Controller;
			sourceTree = "<group>";
		};
		D9B180EA28F5A29C0080A006 /* Services */ = {
			isa = PBXGroup;
			children = (
				D9B180F928F8592E0080A006 /* IMFellDoublePicaSC-Regular.ttf */,
				D9B180F228F5ADDB0080A006 /* API.swift */,
			);
			path = Services;
			sourceTree = "<group>";
		};
/* End PBXGroup section */

/* Begin PBXNativeTarget section */
		D9B180B028F5A1EB0080A006 /* Spellia */ = {
			isa = PBXNativeTarget;
			buildConfigurationList = D9B180DE28F5A1EC0080A006 /* Build configuration list for PBXNativeTarget "Spellia" */;
			buildPhases = (
				D9B180AD28F5A1EB0080A006 /* Sources */,
				D9B180AE28F5A1EB0080A006 /* Frameworks */,
				D9B180AF28F5A1EB0080A006 /* Resources */,
				D9B180ED28F5A5C50080A006 /* ShellScript */,
			);
			buildRules = (
			);
			dependencies = (
			);
			name = Spellia;
			productName = Spellia;
			productReference = D9B180B128F5A1EB0080A006 /* Spellia.app */;
			productType = "com.apple.product-type.application";
		};
		D9B180C928F5A1EC0080A006 /* SpelliaTests */ = {
			isa = PBXNativeTarget;
			buildConfigurationList = D9B180E128F5A1EC0080A006 /* Build configuration list for PBXNativeTarget "SpelliaTests" */;
			buildPhases = (
				D9B180C628F5A1EC0080A006 /* Sources */,
				D9B180C728F5A1EC0080A006 /* Frameworks */,
				D9B180C828F5A1EC0080A006 /* Resources */,
			);
			buildRules = (
			);
			dependencies = (
				D9B180CC28F5A1EC0080A006 /* PBXTargetDependency */,
			);
			name = SpelliaTests;
			productName = SpelliaTests;
			productReference = D9B180CA28F5A1EC0080A006 /* SpelliaTests.xctest */;
			productType = "com.apple.product-type.bundle.unit-test";
		};
		D9B180D328F5A1EC0080A006 /* SpelliaUITests */ = {
			isa = PBXNativeTarget;
			buildConfigurationList = D9B180E428F5A1EC0080A006 /* Build configuration list for PBXNativeTarget "SpelliaUITests" */;
			buildPhases = (
				D9B180D028F5A1EC0080A006 /* Sources */,
				D9B180D128F5A1EC0080A006 /* Frameworks */,
				D9B180D228F5A1EC0080A006 /* Resources */,
			);
			buildRules = (
			);
			dependencies = (
				D9B180D628F5A1EC0080A006 /* PBXTargetDependency */,
			);
			name = SpelliaUITests;
			productName = SpelliaUITests;
			productReference = D9B180D428F5A1EC0080A006 /* SpelliaUITests.xctest */;
			productType = "com.apple.product-type.bundle.ui-testing";
		};
/* End PBXNativeTarget section */

/* Begin PBXProject section */
		D9B180A928F5A1EB0080A006 /* Project object */ = {
			isa = PBXProject;
			attributes = {
				BuildIndependentTargetsInParallel = 1;
				LastSwiftUpdateCheck = 1400;
				LastUpgradeCheck = 1400;
				TargetAttributes = {
					D9B180B028F5A1EB0080A006 = {
						CreatedOnToolsVersion = 14.0;
					};
					D9B180C928F5A1EC0080A006 = {
						CreatedOnToolsVersion = 14.0;
						TestTargetID = D9B180B028F5A1EB0080A006;
					};
					D9B180D328F5A1EC0080A006 = {
						CreatedOnToolsVersion = 14.0;
						TestTargetID = D9B180B028F5A1EB0080A006;
					};
				};
			};
			buildConfigurationList = D9B180AC28F5A1EB0080A006 /* Build configuration list for PBXProject "Spellia" */;
			compatibilityVersion = "Xcode 14.0";
			developmentRegion = en;
			hasScannedForEncodings = 0;
			knownRegions = (
				en,
				Base,
			);
			mainGroup = D9B180A828F5A1EB0080A006;
			productRefGroup = D9B180B228F5A1EB0080A006 /* Products */;
			projectDirPath = "";
			projectRoot = "";
			targets = (
				D9B180B028F5A1EB0080A006 /* Spellia */,
				D9B180C928F5A1EC0080A006 /* SpelliaTests */,
				D9B180D328F5A1EC0080A006 /* SpelliaUITests */,
			);
		};
/* End PBXProject section */

/* Begin PBXResourcesBuildPhase section */
		D9B180AF28F5A1EB0080A006 /* Resources */ = {
			isa = PBXResourcesBuildPhase;
			buildActionMask = 2147483647;
			files = (
				D9B180C428F5A1EC0080A006 /* LaunchScreen.storyboard in Resources */,
				D9B180C128F5A1EC0080A006 /* Assets.xcassets in Resources */,
				D9B180FA28F8592E0080A006 /* IMFellDoublePicaSC-Regular.ttf in Resources */,
			);
			runOnlyForDeploymentPostprocessing = 0;
		};
		D9B180C828F5A1EC0080A006 /* Resources */ = {
			isa = PBXResourcesBuildPhase;
			buildActionMask = 2147483647;
			files = (
			);
			runOnlyForDeploymentPostprocessing = 0;
		};
		D9B180D228F5A1EC0080A006 /* Resources */ = {
			isa = PBXResourcesBuildPhase;
			buildActionMask = 2147483647;
			files = (
			);
			runOnlyForDeploymentPostprocessing = 0;
		};
/* End PBXResourcesBuildPhase section */

/* Begin PBXShellScriptBuildPhase section */
		D9B180ED28F5A5C50080A006 /* ShellScript */ = {
			isa = PBXShellScriptBuildPhase;
			buildActionMask = 2147483647;
			files = (
			);
			inputFileListPaths = (
			);
			inputPaths = (
			);
			outputFileListPaths = (
			);
			outputPaths = (
			);
			runOnlyForDeploymentPostprocessing = 0;
			shellPath = /bin/sh;
			shellScript = "export PATH=\"$PATH:/opt/homebrew/bin\"\nif which swiftlint >/dev/null; then\n    swiftlint\nelse\n    echo \"warning: Swiftlint not installed, download from https://github.com/realm/SwiftLint\"\nfi\n";
		};
/* End PBXShellScriptBuildPhase section */

/* Begin PBXSourcesBuildPhase section */
		D9B180AD28F5A1EB0080A006 /* Sources */ = {
			isa = PBXSourcesBuildPhase;
			buildActionMask = 2147483647;
			files = (
				D9B180EC28F5A4810080A006 /* SpellSearch.swift in Sources */,
				D932DD5228FEDCF000ABB8C2 /* FavsCell.swift in Sources */,
				D9B180F728F844650080A006 /* SpellInfosController.swift in Sources */,
				D9B180B928F5A1EB0080A006 /* SpellSearchController.swift in Sources */,
				D9B180B528F5A1EB0080A006 /* AppDelegate.swift in Sources */,
				D9B180BF28F5A1EB0080A006 /* Spellia.xcdatamodeld in Sources */,
				D9B180F328F5ADDB0080A006 /* API.swift in Sources */,
				D9B180B728F5A1EB0080A006 /* SceneDelegate.swift in Sources */,
				D9B180FC28F89C1A0080A006 /* SpellInfos.swift in Sources */,
				D9B180FE28F8A1400080A006 /* FavoritesSpells.swift in Sources */,
				D9B1810028F8A1620080A006 /* FavoritesSpellsController.swift in Sources */,
				D9B180F528F5AF080080A006 /* Spell.swift in Sources */,
			);
			runOnlyForDeploymentPostprocessing = 0;
		};
		D9B180C628F5A1EC0080A006 /* Sources */ = {
			isa = PBXSourcesBuildPhase;
			buildActionMask = 2147483647;
			files = (
				D9B1810C28FAFA970080A006 /* SpelliaUITestsLaunchTests.swift in Sources */,
				D9B1810B28FAFA930080A006 /* SpelliaUITests.swift in Sources */,
				D9B180CF28F5A1EC0080A006 /* SpelliaTests.swift in Sources */,
			);
			runOnlyForDeploymentPostprocessing = 0;
		};
		D9B180D028F5A1EC0080A006 /* Sources */ = {
			isa = PBXSourcesBuildPhase;
			buildActionMask = 2147483647;
			files = (
			);
			runOnlyForDeploymentPostprocessing = 0;
		};
/* End PBXSourcesBuildPhase section */

/* Begin PBXTargetDependency section */
		D9B180CC28F5A1EC0080A006 /* PBXTargetDependency */ = {
			isa = PBXTargetDependency;
			target = D9B180B028F5A1EB0080A006 /* Spellia */;
			targetProxy = D9B180CB28F5A1EC0080A006 /* PBXContainerItemProxy */;
		};
		D9B180D628F5A1EC0080A006 /* PBXTargetDependency */ = {
			isa = PBXTargetDependency;
			target = D9B180B028F5A1EB0080A006 /* Spellia */;
			targetProxy = D9B180D528F5A1EC0080A006 /* PBXContainerItemProxy */;
		};
/* End PBXTargetDependency section */

/* Begin PBXVariantGroup section */
		D9B180C228F5A1EC0080A006 /* LaunchScreen.storyboard */ = {
			isa = PBXVariantGroup;
			children = (
				D9B180C328F5A1EC0080A006 /* Base */,
			);
			name = LaunchScreen.storyboard;
			sourceTree = "<group>";
		};
/* End PBXVariantGroup section */

/* Begin XCBuildConfiguration section */
		D9B180DC28F5A1EC0080A006 /* Debug */ = {
			isa = XCBuildConfiguration;
			buildSettings = {
				ALWAYS_SEARCH_USER_PATHS = NO;
				CLANG_ANALYZER_NONNULL = YES;
				CLANG_ANALYZER_NUMBER_OBJECT_CONVERSION = YES_AGGRESSIVE;
				CLANG_CXX_LANGUAGE_STANDARD = "gnu++20";
				CLANG_ENABLE_MODULES = YES;
				CLANG_ENABLE_OBJC_ARC = YES;
				CLANG_ENABLE_OBJC_WEAK = YES;
				CLANG_WARN_BLOCK_CAPTURE_AUTORELEASING = YES;
				CLANG_WARN_BOOL_CONVERSION = YES;
				CLANG_WARN_COMMA = YES;
				CLANG_WARN_CONSTANT_CONVERSION = YES;
				CLANG_WARN_DEPRECATED_OBJC_IMPLEMENTATIONS = YES;
				CLANG_WARN_DIRECT_OBJC_ISA_USAGE = YES_ERROR;
				CLANG_WARN_DOCUMENTATION_COMMENTS = YES;
				CLANG_WARN_EMPTY_BODY = YES;
				CLANG_WARN_ENUM_CONVERSION = YES;
				CLANG_WARN_INFINITE_RECURSION = YES;
				CLANG_WARN_INT_CONVERSION = YES;
				CLANG_WARN_NON_LITERAL_NULL_CONVERSION = YES;
				CLANG_WARN_OBJC_IMPLICIT_RETAIN_SELF = YES;
				CLANG_WARN_OBJC_LITERAL_CONVERSION = YES;
				CLANG_WARN_OBJC_ROOT_CLASS = YES_ERROR;
				CLANG_WARN_QUOTED_INCLUDE_IN_FRAMEWORK_HEADER = YES;
				CLANG_WARN_RANGE_LOOP_ANALYSIS = YES;
				CLANG_WARN_STRICT_PROTOTYPES = YES;
				CLANG_WARN_SUSPICIOUS_MOVE = YES;
				CLANG_WARN_UNGUARDED_AVAILABILITY = YES_AGGRESSIVE;
				CLANG_WARN_UNREACHABLE_CODE = YES;
				CLANG_WARN__DUPLICATE_METHOD_MATCH = YES;
				COPY_PHASE_STRIP = NO;
				DEBUG_INFORMATION_FORMAT = dwarf;
				ENABLE_STRICT_OBJC_MSGSEND = YES;
				ENABLE_TESTABILITY = YES;
				GCC_C_LANGUAGE_STANDARD = gnu11;
				GCC_DYNAMIC_NO_PIC = NO;
				GCC_NO_COMMON_BLOCKS = YES;
				GCC_OPTIMIZATION_LEVEL = 0;
				GCC_PREPROCESSOR_DEFINITIONS = (
					"DEBUG=1",
					"$(inherited)",
				);
				GCC_WARN_64_TO_32_BIT_CONVERSION = YES;
				GCC_WARN_ABOUT_RETURN_TYPE = YES_ERROR;
				GCC_WARN_UNDECLARED_SELECTOR = YES;
				GCC_WARN_UNINITIALIZED_AUTOS = YES_AGGRESSIVE;
				GCC_WARN_UNUSED_FUNCTION = YES;
				GCC_WARN_UNUSED_VARIABLE = YES;
				IPHONEOS_DEPLOYMENT_TARGET = 16.0;
				MTL_ENABLE_DEBUG_INFO = INCLUDE_SOURCE;
				MTL_FAST_MATH = YES;
				ONLY_ACTIVE_ARCH = YES;
				SDKROOT = iphoneos;
				SWIFT_ACTIVE_COMPILATION_CONDITIONS = DEBUG;
				SWIFT_OPTIMIZATION_LEVEL = "-Onone";
			};
			name = Debug;
		};
		D9B180DD28F5A1EC0080A006 /* Release */ = {
			isa = XCBuildConfiguration;
			buildSettings = {
				ALWAYS_SEARCH_USER_PATHS = NO;
				CLANG_ANALYZER_NONNULL = YES;
				CLANG_ANALYZER_NUMBER_OBJECT_CONVERSION = YES_AGGRESSIVE;
				CLANG_CXX_LANGUAGE_STANDARD = "gnu++20";
				CLANG_ENABLE_MODULES = YES;
				CLANG_ENABLE_OBJC_ARC = YES;
				CLANG_ENABLE_OBJC_WEAK = YES;
				CLANG_WARN_BLOCK_CAPTURE_AUTORELEASING = YES;
				CLANG_WARN_BOOL_CONVERSION = YES;
				CLANG_WARN_COMMA = YES;
				CLANG_WARN_CONSTANT_CONVERSION = YES;
				CLANG_WARN_DEPRECATED_OBJC_IMPLEMENTATIONS = YES;
				CLANG_WARN_DIRECT_OBJC_ISA_USAGE = YES_ERROR;
				CLANG_WARN_DOCUMENTATION_COMMENTS = YES;
				CLANG_WARN_EMPTY_BODY = YES;
				CLANG_WARN_ENUM_CONVERSION = YES;
				CLANG_WARN_INFINITE_RECURSION = YES;
				CLANG_WARN_INT_CONVERSION = YES;
				CLANG_WARN_NON_LITERAL_NULL_CONVERSION = YES;
				CLANG_WARN_OBJC_IMPLICIT_RETAIN_SELF = YES;
				CLANG_WARN_OBJC_LITERAL_CONVERSION = YES;
				CLANG_WARN_OBJC_ROOT_CLASS = YES_ERROR;
				CLANG_WARN_QUOTED_INCLUDE_IN_FRAMEWORK_HEADER = YES;
				CLANG_WARN_RANGE_LOOP_ANALYSIS = YES;
				CLANG_WARN_STRICT_PROTOTYPES = YES;
				CLANG_WARN_SUSPICIOUS_MOVE = YES;
				CLANG_WARN_UNGUARDED_AVAILABILITY = YES_AGGRESSIVE;
				CLANG_WARN_UNREACHABLE_CODE = YES;
				CLANG_WARN__DUPLICATE_METHOD_MATCH = YES;
				COPY_PHASE_STRIP = NO;
				DEBUG_INFORMATION_FORMAT = "dwarf-with-dsym";
				ENABLE_NS_ASSERTIONS = NO;
				ENABLE_STRICT_OBJC_MSGSEND = YES;
				GCC_C_LANGUAGE_STANDARD = gnu11;
				GCC_NO_COMMON_BLOCKS = YES;
				GCC_WARN_64_TO_32_BIT_CONVERSION = YES;
				GCC_WARN_ABOUT_RETURN_TYPE = YES_ERROR;
				GCC_WARN_UNDECLARED_SELECTOR = YES;
				GCC_WARN_UNINITIALIZED_AUTOS = YES_AGGRESSIVE;
				GCC_WARN_UNUSED_FUNCTION = YES;
				GCC_WARN_UNUSED_VARIABLE = YES;
				IPHONEOS_DEPLOYMENT_TARGET = 16.0;
				MTL_ENABLE_DEBUG_INFO = NO;
				MTL_FAST_MATH = YES;
				SDKROOT = iphoneos;
				SWIFT_COMPILATION_MODE = wholemodule;
				SWIFT_OPTIMIZATION_LEVEL = "-O";
				VALIDATE_PRODUCT = YES;
			};
			name = Release;
		};
		D9B180DF28F5A1EC0080A006 /* Debug */ = {
			isa = XCBuildConfiguration;
			buildSettings = {
				ASSETCATALOG_COMPILER_APPICON_NAME = AppIcon;
				ASSETCATALOG_COMPILER_GLOBAL_ACCENT_COLOR_NAME = AccentColor;
				CODE_SIGN_STYLE = Automatic;
				CURRENT_PROJECT_VERSION = 1;
				DEVELOPMENT_TEAM = SMA3U9UPC8;
				GENERATE_INFOPLIST_FILE = YES;
				INFOPLIST_FILE = Spellia/Info.plist;
				INFOPLIST_KEY_UIApplicationSupportsIndirectInputEvents = YES;
				INFOPLIST_KEY_UILaunchStoryboardName = LaunchScreen;
				INFOPLIST_KEY_UISupportedInterfaceOrientations_iPad = "UIInterfaceOrientationPortrait UIInterfaceOrientationPortraitUpsideDown UIInterfaceOrientationLandscapeLeft UIInterfaceOrientationLandscapeRight";
				INFOPLIST_KEY_UISupportedInterfaceOrientations_iPhone = "UIInterfaceOrientationPortrait UIInterfaceOrientationLandscapeLeft UIInterfaceOrientationLandscapeRight";
				LD_RUNPATH_SEARCH_PATHS = (
					"$(inherited)",
					"@executable_path/Frameworks",
				);
				MARKETING_VERSION = 1.0;
				PRODUCT_BUNDLE_IDENTIFIER = xcode.leticia.br.Spellia;
				PRODUCT_NAME = "$(TARGET_NAME)";
				SWIFT_EMIT_LOC_STRINGS = YES;
				SWIFT_VERSION = 5.0;
				TARGETED_DEVICE_FAMILY = "1,2";
			};
			name = Debug;
		};
		D9B180E028F5A1EC0080A006 /* Release */ = {
			isa = XCBuildConfiguration;
			buildSettings = {
				ASSETCATALOG_COMPILER_APPICON_NAME = AppIcon;
				ASSETCATALOG_COMPILER_GLOBAL_ACCENT_COLOR_NAME = AccentColor;
				CODE_SIGN_STYLE = Automatic;
				CURRENT_PROJECT_VERSION = 1;
				DEVELOPMENT_TEAM = SMA3U9UPC8;
				GENERATE_INFOPLIST_FILE = YES;
				INFOPLIST_FILE = Spellia/Info.plist;
				INFOPLIST_KEY_UIApplicationSupportsIndirectInputEvents = YES;
				INFOPLIST_KEY_UILaunchStoryboardName = LaunchScreen;
				INFOPLIST_KEY_UISupportedInterfaceOrientations_iPad = "UIInterfaceOrientationPortrait UIInterfaceOrientationPortraitUpsideDown UIInterfaceOrientationLandscapeLeft UIInterfaceOrientationLandscapeRight";
				INFOPLIST_KEY_UISupportedInterfaceOrientations_iPhone = "UIInterfaceOrientationPortrait UIInterfaceOrientationLandscapeLeft UIInterfaceOrientationLandscapeRight";
				LD_RUNPATH_SEARCH_PATHS = (
					"$(inherited)",
					"@executable_path/Frameworks",
				);
				MARKETING_VERSION = 1.0;
				PRODUCT_BUNDLE_IDENTIFIER = xcode.leticia.br.Spellia;
				PRODUCT_NAME = "$(TARGET_NAME)";
				SWIFT_EMIT_LOC_STRINGS = YES;
				SWIFT_VERSION = 5.0;
				TARGETED_DEVICE_FAMILY = "1,2";
			};
			name = Release;
		};
		D9B180E228F5A1EC0080A006 /* Debug */ = {
			isa = XCBuildConfiguration;
			buildSettings = {
				ALWAYS_EMBED_SWIFT_STANDARD_LIBRARIES = YES;
				BUNDLE_LOADER = "$(TEST_HOST)";
				CODE_SIGN_STYLE = Automatic;
				CURRENT_PROJECT_VERSION = 1;
				DEVELOPMENT_TEAM = SMA3U9UPC8;
				GENERATE_INFOPLIST_FILE = YES;
				IPHONEOS_DEPLOYMENT_TARGET = 16.0;
				MARKETING_VERSION = 1.0;
				PRODUCT_BUNDLE_IDENTIFIER = xcode.leticia.br.SpelliaTests;
				PRODUCT_NAME = "$(TARGET_NAME)";
				SWIFT_EMIT_LOC_STRINGS = NO;
				SWIFT_VERSION = 5.0;
				TARGETED_DEVICE_FAMILY = "1,2";
				TEST_HOST = "$(BUILT_PRODUCTS_DIR)/Spellia.app/$(BUNDLE_EXECUTABLE_FOLDER_PATH)/Spellia";
			};
			name = Debug;
		};
		D9B180E328F5A1EC0080A006 /* Release */ = {
			isa = XCBuildConfiguration;
			buildSettings = {
				ALWAYS_EMBED_SWIFT_STANDARD_LIBRARIES = YES;
				BUNDLE_LOADER = "$(TEST_HOST)";
				CODE_SIGN_STYLE = Automatic;
				CURRENT_PROJECT_VERSION = 1;
				DEVELOPMENT_TEAM = SMA3U9UPC8;
				GENERATE_INFOPLIST_FILE = YES;
				IPHONEOS_DEPLOYMENT_TARGET = 16.0;
				MARKETING_VERSION = 1.0;
				PRODUCT_BUNDLE_IDENTIFIER = xcode.leticia.br.SpelliaTests;
				PRODUCT_NAME = "$(TARGET_NAME)";
				SWIFT_EMIT_LOC_STRINGS = NO;
				SWIFT_VERSION = 5.0;
				TARGETED_DEVICE_FAMILY = "1,2";
				TEST_HOST = "$(BUILT_PRODUCTS_DIR)/Spellia.app/$(BUNDLE_EXECUTABLE_FOLDER_PATH)/Spellia";
			};
			name = Release;
		};
		D9B180E528F5A1EC0080A006 /* Debug */ = {
			isa = XCBuildConfiguration;
			buildSettings = {
				ALWAYS_EMBED_SWIFT_STANDARD_LIBRARIES = YES;
				CODE_SIGN_STYLE = Automatic;
				CURRENT_PROJECT_VERSION = 1;
				DEVELOPMENT_TEAM = SMA3U9UPC8;
				GENERATE_INFOPLIST_FILE = YES;
				MARKETING_VERSION = 1.0;
				PRODUCT_BUNDLE_IDENTIFIER = xcode.leticia.br.SpelliaUITests;
				PRODUCT_NAME = "$(TARGET_NAME)";
				SWIFT_EMIT_LOC_STRINGS = NO;
				SWIFT_VERSION = 5.0;
				TARGETED_DEVICE_FAMILY = "1,2";
				TEST_TARGET_NAME = Spellia;
			};
			name = Debug;
		};
		D9B180E628F5A1EC0080A006 /* Release */ = {
			isa = XCBuildConfiguration;
			buildSettings = {
				ALWAYS_EMBED_SWIFT_STANDARD_LIBRARIES = YES;
				CODE_SIGN_STYLE = Automatic;
				CURRENT_PROJECT_VERSION = 1;
				DEVELOPMENT_TEAM = SMA3U9UPC8;
				GENERATE_INFOPLIST_FILE = YES;
				MARKETING_VERSION = 1.0;
				PRODUCT_BUNDLE_IDENTIFIER = xcode.leticia.br.SpelliaUITests;
				PRODUCT_NAME = "$(TARGET_NAME)";
				SWIFT_EMIT_LOC_STRINGS = NO;
				SWIFT_VERSION = 5.0;
				TARGETED_DEVICE_FAMILY = "1,2";
				TEST_TARGET_NAME = Spellia;
			};
			name = Release;
		};
/* End XCBuildConfiguration section */

/* Begin XCConfigurationList section */
		D9B180AC28F5A1EB0080A006 /* Build configuration list for PBXProject "Spellia" */ = {
			isa = XCConfigurationList;
			buildConfigurations = (
				D9B180DC28F5A1EC0080A006 /* Debug */,
				D9B180DD28F5A1EC0080A006 /* Release */,
			);
			defaultConfigurationIsVisible = 0;
			defaultConfigurationName = Release;
		};
		D9B180DE28F5A1EC0080A006 /* Build configuration list for PBXNativeTarget "Spellia" */ = {
			isa = XCConfigurationList;
			buildConfigurations = (
				D9B180DF28F5A1EC0080A006 /* Debug */,
				D9B180E028F5A1EC0080A006 /* Release */,
			);
			defaultConfigurationIsVisible = 0;
			defaultConfigurationName = Release;
		};
		D9B180E128F5A1EC0080A006 /* Build configuration list for PBXNativeTarget "SpelliaTests" */ = {
			isa = XCConfigurationList;
			buildConfigurations = (
				D9B180E228F5A1EC0080A006 /* Debug */,
				D9B180E328F5A1EC0080A006 /* Release */,
			);
			defaultConfigurationIsVisible = 0;
			defaultConfigurationName = Release;
		};
		D9B180E428F5A1EC0080A006 /* Build configuration list for PBXNativeTarget "SpelliaUITests" */ = {
			isa = XCConfigurationList;
			buildConfigurations = (
				D9B180E528F5A1EC0080A006 /* Debug */,
				D9B180E628F5A1EC0080A006 /* Release */,
			);
			defaultConfigurationIsVisible = 0;
			defaultConfigurationName = Release;
		};
/* End XCConfigurationList section */

/* Begin XCVersionGroup section */
		D9B180BD28F5A1EB0080A006 /* Spellia.xcdatamodeld */ = {
			isa = XCVersionGroup;
			children = (
				D9B180BE28F5A1EB0080A006 /* Spellia.xcdatamodel */,
			);
			currentVersion = D9B180BE28F5A1EB0080A006 /* Spellia.xcdatamodel */;
			path = Spellia.xcdatamodeld;
			sourceTree = "<group>";
			versionGroupType = wrapper.xcdatamodel;
		};
/* End XCVersionGroup section */
	};
	rootObject = D9B180A928F5A1EB0080A006 /* Project object */;
}
